
Microsoft Visual Studio Solution File, Format Version 12.00
# Visual Studio 15
VisualStudioVersion = 15.0.28010.2036
MinimumVisualStudioVersion = 10.0.40219.1
Project("{FAE04EC0-301F-11D3-BF4B-00C04F79EFBC}") = "client", "client\client.csproj", "{EC0DC8A7-5BD1-413F-A8FA-876715E8CFF5}"
EndProject
Global
	GlobalSection(SolutionConfigurationPlatforms) = preSolution
		Debug|Any CPU = Debug|Any CPU
		Release|Any CPU = Release|Any CPU
	EndGlobalSection
	GlobalSection(ProjectConfigurationPlatforms) = postSolution
		{EC0DC8A7-5BD1-413F-A8FA-876715E8CFF5}.Debug|Any CPU.ActiveCfg = Debug|Any CPU
		{EC0DC8A7-5BD1-413F-A8FA-876715E8CFF5}.Debug|Any CPU.Build.0 = Debug|Any CPU
		{EC0DC8A7-5BD1-413F-A8FA-876715E8CFF5}.Release|Any CPU.ActiveCfg = Release|Any CPU
		{EC0DC8A7-5BD1-413F-A8FA-876715E8CFF5}.Release|Any CPU.Build.0 = Release|Any CPU
	EndGlobalSection
	GlobalSection(SolutionProperties) = preSolution
		HideSolutionNode = FALSE
	EndGlobalSection
	GlobalSection(ExtensibilityGlobals) = postSolution
		SolutionGuid = {00027370-8FB4-4E37-AB01-D22134EBF67C}
	EndGlobalSection
EndGlobal
